
Microsoft Visual Studio Solution File, Format Version 12.00
# Visual Studio Version 17
VisualStudioVersion = 17.13.35931.197
MinimumVisualStudioVersion = 10.0.40219.1
Project("{FAE04EC0-301F-11D3-BF4B-00C04F79EFBC}") = "API", "API.csproj", "{490D2C74-BC41-4839-A764-2D9521B7ECD0}"
EndProject
Global
	GlobalSection(SolutionConfigurationPlatforms) = preSolution
		Debug|Any CPU = Debug|Any CPU
		Release|Any CPU = Release|Any CPU
	EndGlobalSection
	GlobalSection(ProjectConfigurationPlatforms) = postSolution
		{490D2C74-BC41-4839-A764-2D9521B7ECD0}.Debug|Any CPU.ActiveCfg = Debug|Any CPU
		{490D2C74-BC41-4839-A764-2D9521B7ECD0}.Debug|Any CPU.Build.0 = Debug|Any CPU
		{490D2C74-BC41-4839-A764-2D9521B7ECD0}.Release|Any CPU.ActiveCfg = Release|Any CPU
		{490D2C74-BC41-4839-A764-2D9521B7ECD0}.Release|Any CPU.Build.0 = Release|Any CPU
	EndGlobalSection
	GlobalSection(SolutionProperties) = preSolution
		HideSolutionNode = FALSE
	EndGlobalSection
	GlobalSection(ExtensibilityGlobals) = postSolution
		SolutionGuid = {ED02EEB7-8DD0-4C5A-91CC-5566508568BF}
	EndGlobalSection
EndGlobal
